dependencies:
- name: airflow
  repository: https://airflow.apache.org/
  version: 1.15.0
- name: postgresql-ha
  repository: https://charts.bitnami.com/bitnami
  version: 14.2.33
digest: sha256:5d26cee530f1179a4788024813deaf7d4757a7f3a7bf0d2d52456b9a80d32e27
generated: "2024-10-08T10:54:22.461716905-04:00"
